
Microsoft Visual Studio Solution File, Format Version 12.00
# Visual Studio Version 16
VisualStudioVersion = 16.0.31829.152
MinimumVisualStudioVersion = 10.0.40219.1
Project("{FAE04EC0-301F-11D3-BF4B-00C04F79EFBC}") = "Lorenzo_Raul", "Lorenzo_Raul.csproj", "{BE7DD01C-9831-4A5E-9AA4-7F690C25C627}"
EndProject
Global
	GlobalSection(SolutionConfigurationPlatforms) = preSolution
		Debug|Any CPU = Debug|Any CPU
		Release|Any CPU = Release|Any CPU
	EndGlobalSection
	GlobalSection(ProjectConfigurationPlatforms) = postSolution
		{BE7DD01C-9831-4A5E-9AA4-7F690C25C627}.Debug|Any CPU.ActiveCfg = Debug|Any CPU
		{BE7DD01C-9831-4A5E-9AA4-7F690C25C627}.Debug|Any CPU.Build.0 = Debug|Any CPU
		{BE7DD01C-9831-4A5E-9AA4-7F690C25C627}.Release|Any CPU.ActiveCfg = Release|Any CPU
		{BE7DD01C-9831-4A5E-9AA4-7F690C25C627}.Release|Any CPU.Build.0 = Release|Any CPU
	EndGlobalSection
	GlobalSection(SolutionProperties) = preSolution
		HideSolutionNode = FALSE
	EndGlobalSection
	GlobalSection(ExtensibilityGlobals) = postSolution
		SolutionGuid = {1212C7C5-E0E4-4751-9196-AC3782FC4CAC}
	EndGlobalSection
EndGlobal
